// !$*UTF8*$!
{
	archiveVersion = 1;
	classes = {
	};
	objectVersion = 56;
	objects = {

/* Begin PBXBuildFile section */
		12E1E37B2A46B963004D9630 /* AppDelegate.swift in Sources */ = {isa = PBXBuildFile; fileRef = 12E1E37A2A46B963004D9630 /* AppDelegate.swift */; };
		12E1E37D2A46B963004D9630 /* SceneDelegate.swift in Sources */ = {isa = PBXBuildFile; fileRef = 12E1E37C2A46B963004D9630 /* SceneDelegate.swift */; };
		12E1E37F2A46B963004D9630 /* ViewController.swift in Sources */ = {isa = PBXBuildFile; fileRef = 12E1E37E2A46B963004D9630 /* ViewController.swift */; };
		12E1E3822A46B963004D9630 /* Main.storyboard in Resources */ = {isa = PBXBuildFile; fileRef = 12E1E3802A46B963004D9630 /* Main.storyboard */; };
		12E1E3842A46B966004D9630 /* Assets.xcassets in Resources */ = {isa = PBXBuildFile; fileRef = 12E1E3832A46B966004D9630 /* Assets.xcassets */; };
		12E1E3872A46B966004D9630 /* LaunchScreen.storyboard in Resources */ = {isa = PBXBuildFile; fileRef = 12E1E3852A46B966004D9630 /* LaunchScreen.storyboard */; };
		12E1E3952A46BA65004D9630 /* UniformTypeIdentifiers.framework in Frameworks */ = {isa = PBXBuildFile; fileRef = 12E1E3942A46BA65004D9630 /* UniformTypeIdentifiers.framework */; };
		12E1E3982A46BA65004D9630 /* Media.xcassets in Resources */ = {isa = PBXBuildFile; fileRef = 12E1E3972A46BA65004D9630 /* Media.xcassets */; };
		12E1E39A2A46BA65004D9630 /* ActionViewController.swift in Sources */ = {isa = PBXBuildFile; fileRef = 12E1E3992A46BA65004D9630 /* ActionViewController.swift */; };
		12E1E39D2A46BA65004D9630 /* MainInterface.storyboard in Resources */ = {isa = PBXBuildFile; fileRef = 12E1E39B2A46BA65004D9630 /* MainInterface.storyboard */; };
		12E1E3A12A46BA65004D9630 /* Extension.appex in Embed Foundation Extensions */ = {isa = PBXBuildFile; fileRef = 12E1E3922A46BA65004D9630 /* Extension.appex */; settings = {ATTRIBUTES = (RemoveHeadersOnCopy, ); }; };
		12E1E3A72A46BCEF004D9630 /* Action.js in Resources */ = {isa = PBXBuildFile; fileRef = 12E1E3A62A46BCEF004D9630 /* Action.js */; };
/* End PBXBuildFile section */

/* Begin PBXContainerItemProxy section */
		12E1E39F2A46BA65004D9630 /* PBXContainerItemProxy */ = {
			isa = PBXContainerItemProxy;
			containerPortal = 12E1E36F2A46B963004D9630 /* Project object */;
			proxyType = 1;
			remoteGlobalIDString = 12E1E3912A46BA65004D9630;
			remoteInfo = Extension;
		};
/* End PBXContainerItemProxy section */

/* Begin PBXCopyFilesBuildPhase section */
		12E1E3A52A46BA65004D9630 /* Embed Foundation Extensions */ = {
			isa = PBXCopyFilesBuildPhase;
			buildActionMask = 2147483647;
			dstPath = "";
			dstSubfolderSpec = 13;
			files = (
				12E1E3A12A46BA65004D9630 /* Extension.appex in Embed Foundation Extensions */,
			);
			name = "Embed Foundation Extensions";
			runOnlyForDeploymentPostprocessing = 0;
		};
/* End PBXCopyFilesBuildPhase section */

/* Begin PBXFileReference section */
		12E1E3772A46B963004D9630 /* Day67-68 - Project19.app */ = {isa = PBXFileReference; explicitFileType = wrapper.application; includeInIndex = 0; path = "Day67-68 - Project19.app"; sourceTree = BUILT_PRODUCTS_DIR; };
		12E1E37A2A46B963004D9630 /* AppDelegate.swift */ = {isa = PBXFileReference; lastKnownFileType = sourcecode.swift; path = AppDelegate.swift; sourceTree = "<group>"; };
		12E1E37C2A46B963004D9630 /* SceneDelegate.swift */ = {isa = PBXFileReference; lastKnownFileType = sourcecode.swift; path = SceneDelegate.swift; sourceTree = "<group>"; };
		12E1E37E2A46B963004D9630 /* ViewController.swift */ = {isa = PBXFileReference; lastKnownFileType = sourcecode.swift; path = ViewController.swift; sourceTree = "<group>"; };
		12E1E3812A46B963004D9630 /* Base */ = {isa = PBXFileReference; lastKnownFileType = file.storyboard; name = Base; path = Base.lproj/Main.storyboard; sourceTree = "<group>"; };
		12E1E3832A46B966004D9630 /* Assets.xcassets */ = {isa = PBXFileReference; lastKnownFileType = folder.assetcatalog; path = Assets.xcassets; sourceTree = "<group>"; };
		12E1E3862A46B966004D9630 /* Base */ = {isa = PBXFileReference; lastKnownFileType = file.storyboard; name = Base; path = Base.lproj/LaunchScreen.storyboard; sourceTree = "<group>"; };
		12E1E3882A46B966004D9630 /* Info.plist */ = {isa = PBXFileReference; lastKnownFileType = text.plist.xml; path = Info.plist; sourceTree = "<group>"; };
		12E1E3922A46BA65004D9630 /* Extension.appex */ = {isa = PBXFileReference; explicitFileType = "wrapper.app-extension"; includeInIndex = 0; path = Extension.appex; sourceTree = BUILT_PRODUCTS_DIR; };
		12E1E3942A46BA65004D9630 /* UniformTypeIdentifiers.framework */ = {isa = PBXFileReference; lastKnownFileType = wrapper.framework; name = UniformTypeIdentifiers.framework; path = System/Library/Frameworks/UniformTypeIdentifiers.framework; sourceTree = SDKROOT; };
		12E1E3972A46BA65004D9630 /* Media.xcassets */ = {isa = PBXFileReference; lastKnownFileType = folder.assetcatalog; path = Media.xcassets; sourceTree = "<group>"; };
		12E1E3992A46BA65004D9630 /* ActionViewController.swift */ = {isa = PBXFileReference; lastKnownFileType = sourcecode.swift; path = ActionViewController.swift; sourceTree = "<group>"; };
		12E1E39C2A46BA65004D9630 /* Base */ = {isa = PBXFileReference; lastKnownFileType = file.storyboard; name = Base; path = Base.lproj/MainInterface.storyboard; sourceTree = "<group>"; };
		12E1E39E2A46BA65004D9630 /* Info.plist */ = {isa = PBXFileReference; lastKnownFileType = text.plist.xml; path = Info.plist; sourceTree = "<group>"; };
		12E1E3A62A46BCEF004D9630 /* Action.js */ = {isa = PBXFileReference; lastKnownFileType = sourcecode.javascript; path = Action.js; sourceTree = "<group>"; };
/* End PBXFileReference section */

/* Begin PBXFrameworksBuildPhase section */
		12E1E3742A46B963004D9630 /* Frameworks */ = {
			isa = PBXFrameworksBuildPhase;
			buildActionMask = 2147483647;
			files = (
			);
			runOnlyForDeploymentPostprocessing = 0;
		};
		12E1E38F2A46BA65004D9630 /* Frameworks */ = {
			isa = PBXFrameworksBuildPhase;
			buildActionMask = 2147483647;
			files = (
				12E1E3952A46BA65004D9630 /* UniformTypeIdentifiers.framework in Frameworks */,
			);
			runOnlyForDeploymentPostprocessing = 0;
		};
/* End PBXFrameworksBuildPhase section */

/* Begin PBXGroup section */
		12E1E36E2A46B963004D9630 = {
			isa = PBXGroup;
			children = (
				12E1E3792A46B963004D9630 /* Day67-68 - Project19 */,
				12E1E3962A46BA65004D9630 /* Extension */,
				12E1E3932A46BA65004D9630 /* Frameworks */,
				12E1E3782A46B963004D9630 /* Products */,
			);
			sourceTree = "<group>";
		};
		12E1E3782A46B963004D9630 /* Products */ = {
			isa = PBXGroup;
			children = (
				12E1E3772A46B963004D9630 /* Day67-68 - Project19.app */,
				12E1E3922A46BA65004D9630 /* Extension.appex */,
			);
			name = Products;
			sourceTree = "<group>";
		};
		12E1E3792A46B963004D9630 /* Day67-68 - Project19 */ = {
			isa = PBXGroup;
			children = (
				12E1E37A2A46B963004D9630 /* AppDelegate.swift */,
				12E1E37C2A46B963004D9630 /* SceneDelegate.swift */,
				12E1E37E2A46B963004D9630 /* ViewController.swift */,
				12E1E3802A46B963004D9630 /* Main.storyboard */,
				12E1E3832A46B966004D9630 /* Assets.xcassets */,
				12E1E3852A46B966004D9630 /* LaunchScreen.storyboard */,
				12E1E3882A46B966004D9630 /* Info.plist */,
			);
			path = "Day67-68 - Project19";
			sourceTree = "<group>";
		};
		12E1E3932A46BA65004D9630 /* Frameworks */ = {
			isa = PBXGroup;
			children = (
				12E1E3942A46BA65004D9630 /* UniformTypeIdentifiers.framework */,
			);
			name = Frameworks;
			sourceTree = "<group>";
		};
		12E1E3962A46BA65004D9630 /* Extension */ = {
			isa = PBXGroup;
			children = (
				12E1E3972A46BA65004D9630 /* Media.xcassets */,
				12E1E3992A46BA65004D9630 /* ActionViewController.swift */,
				12E1E39B2A46BA65004D9630 /* MainInterface.storyboard */,
				12E1E39E2A46BA65004D9630 /* Info.plist */,
				12E1E3A62A46BCEF004D9630 /* Action.js */,
			);
			path = Extension;
			sourceTree = "<group>";
		};
/* End PBXGroup section */

/* Begin PBXNativeTarget section */
		12E1E3762A46B963004D9630 /* Day67-68 - Project19 */ = {
			isa = PBXNativeTarget;
			buildConfigurationList = 12E1E38B2A46B966004D9630 /* Build configuration list for PBXNativeTarget "Day67-68 - Project19" */;
			buildPhases = (
				12E1E3732A46B963004D9630 /* Sources */,
				12E1E3742A46B963004D9630 /* Frameworks */,
				12E1E3752A46B963004D9630 /* Resources */,
				12E1E3A52A46BA65004D9630 /* Embed Foundation Extensions */,
			);
			buildRules = (
			);
			dependencies = (
				12E1E3A02A46BA65004D9630 /* PBXTargetDependency */,
			);
			name = "Day67-68 - Project19";
			productName = "Day67-68 - Project19";
			productReference = 12E1E3772A46B963004D9630 /* Day67-68 - Project19.app */;
			productType = "com.apple.product-type.application";
		};
		12E1E3912A46BA65004D9630 /* Extension */ = {
			isa = PBXNativeTarget;
			buildConfigurationList = 12E1E3A22A46BA65004D9630 /* Build configuration list for PBXNativeTarget "Extension" */;
			buildPhases = (
				12E1E38E2A46BA65004D9630 /* Sources */,
				12E1E38F2A46BA65004D9630 /* Frameworks */,
				12E1E3902A46BA65004D9630 /* Resources */,
			);
			buildRules = (
			);
			dependencies = (
			);
			name = Extension;
			productName = Extension;
			productReference = 12E1E3922A46BA65004D9630 /* Extension.appex */;
			productType = "com.apple.product-type.app-extension";
		};
/* End PBXNativeTarget section */

/* Begin PBXProject section */
		12E1E36F2A46B963004D9630 /* Project object */ = {
			isa = PBXProject;
			attributes = {
				BuildIndependentTargetsInParallel = 1;
				LastSwiftUpdateCheck = 1420;
				LastUpgradeCheck = 1420;
				TargetAttributes = {
					12E1E3762A46B963004D9630 = {
						CreatedOnToolsVersion = 14.2;
					};
					12E1E3912A46BA65004D9630 = {
						CreatedOnToolsVersion = 14.2;
					};
				};
			};
			buildConfigurationList = 12E1E3722A46B963004D9630 /* Build configuration list for PBXProject "Day67-68 - Project19" */;
			compatibilityVersion = "Xcode 14.0";
			developmentRegion = en;
			hasScannedForEncodings = 0;
			knownRegions = (
				en,
				Base,
			);
			mainGroup = 12E1E36E2A46B963004D9630;
			productRefGroup = 12E1E3782A46B963004D9630 /* Products */;
			projectDirPath = "";
			projectRoot = "";
			targets = (
				12E1E3762A46B963004D9630 /* Day67-68 - Project19 */,
				12E1E3912A46BA65004D9630 /* Extension */,
			);
		};
/* End PBXProject section */

/* Begin PBXResourcesBuildPhase section */
		12E1E3752A46B963004D9630 /* Resources */ = {
			isa = PBXResourcesBuildPhase;
			buildActionMask = 2147483647;
			files = (
				12E1E3872A46B966004D9630 /* LaunchScreen.storyboard in Resources */,
				12E1E3842A46B966004D9630 /* Assets.xcassets in Resources */,
				12E1E3822A46B963004D9630 /* Main.storyboard in Resources */,
			);
			runOnlyForDeploymentPostprocessing = 0;
		};
		12E1E3902A46BA65004D9630 /* Resources */ = {
			isa = PBXResourcesBuildPhase;
			buildActionMask = 2147483647;
			files = (
				12E1E3A72A46BCEF004D9630 /* Action.js in Resources */,
				12E1E3982A46BA65004D9630 /* Media.xcassets in Resources */,
				12E1E39D2A46BA65004D9630 /* MainInterface.storyboard in Resources */,
			);
			runOnlyForDeploymentPostprocessing = 0;
		};
/* End PBXResourcesBuildPhase section */

/* Begin PBXSourcesBuildPhase section */
		12E1E3732A46B963004D9630 /* Sources */ = {
			isa = PBXSourcesBuildPhase;
			buildActionMask = 2147483647;
			files = (
				12E1E37F2A46B963004D9630 /* ViewController.swift in Sources */,
				12E1E37B2A46B963004D9630 /* AppDelegate.swift in Sources */,
				12E1E37D2A46B963004D9630 /* SceneDelegate.swift in Sources */,
			);
			runOnlyForDeploymentPostprocessing = 0;
		};
		12E1E38E2A46BA65004D9630 /* Sources */ = {
			isa = PBXSourcesBuildPhase;
			buildActionMask = 2147483647;
			files = (
				12E1E39A2A46BA65004D9630 /* ActionViewController.swift in Sources */,
			);
			runOnlyForDeploymentPostprocessing = 0;
		};
/* End PBXSourcesBuildPhase section */

/* Begin PBXTargetDependency section */
		12E1E3A02A46BA65004D9630 /* PBXTargetDependency */ = {
			isa = PBXTargetDependency;
			target = 12E1E3912A46BA65004D9630 /* Extension */;
			targetProxy = 12E1E39F2A46BA65004D9630 /* PBXContainerItemProxy */;
		};
/* End PBXTargetDependency section */

/* Begin PBXVariantGroup section */
		12E1E3802A46B963004D9630 /* Main.storyboard */ = {
			isa = PBXVariantGroup;
			children = (
				12E1E3812A46B963004D9630 /* Base */,
			);
			name = Main.storyboard;
			sourceTree = "<group>";
		};
		12E1E3852A46B966004D9630 /* LaunchScreen.storyboard */ = {
			isa = PBXVariantGroup;
			children = (
				12E1E3862A46B966004D9630 /* Base */,
			);
			name = LaunchScreen.storyboard;
			sourceTree = "<group>";
		};
		12E1E39B2A46BA65004D9630 /* MainInterface.storyboard */ = {
			isa = PBXVariantGroup;
			children = (
				12E1E39C2A46BA65004D9630 /* Base */,
			);
			name = MainInterface.storyboard;
			sourceTree = "<group>";
		};
/* End PBXVariantGroup section */

/* Begin XCBuildConfiguration section */
		12E1E3892A46B966004D9630 /* Debug */ = {
			isa = XCBuildConfiguration;
			buildSettings = {
				ALWAYS_SEARCH_USER_PATHS = NO;
				CLANG_ANALYZER_NONNULL = YES;
				CLANG_ANALYZER_NUMBER_OBJECT_CONVERSION = YES_AGGRESSIVE;
				CLANG_CXX_LANGUAGE_STANDARD = "gnu++20";
				CLANG_ENABLE_MODULES = YES;
				CLANG_ENABLE_OBJC_ARC = YES;
				CLANG_ENABLE_OBJC_WEAK = YES;
				CLANG_WARN_BLOCK_CAPTURE_AUTORELEASING = YES;
				CLANG_WARN_BOOL_CONVERSION = YES;
				CLANG_WARN_COMMA = YES;
				CLANG_WARN_CONSTANT_CONVERSION = YES;
				CLANG_WARN_DEPRECATED_OBJC_IMPLEMENTATIONS = YES;
				CLANG_WARN_DIRECT_OBJC_ISA_USAGE = YES_ERROR;
				CLANG_WARN_DOCUMENTATION_COMMENTS = YES;
				CLANG_WARN_EMPTY_BODY = YES;
				CLANG_WARN_ENUM_CONVERSION = YES;
				CLANG_WARN_INFINITE_RECURSION = YES;
				CLANG_WARN_INT_CONVERSION = YES;
				CLANG_WARN_NON_LITERAL_NULL_CONVERSION = YES;
				CLANG_WARN_OBJC_IMPLICIT_RETAIN_SELF = YES;
				CLANG_WARN_OBJC_LITERAL_CONVERSION = YES;
				CLANG_WARN_OBJC_ROOT_CLASS = YES_ERROR;
				CLANG_WARN_QUOTED_INCLUDE_IN_FRAMEWORK_HEADER = YES;
				CLANG_WARN_RANGE_LOOP_ANALYSIS = YES;
				CLANG_WARN_STRICT_PROTOTYPES = YES;
				CLANG_WARN_SUSPICIOUS_MOVE = YES;
				CLANG_WARN_UNGUARDED_AVAILABILITY = YES_AGGRESSIVE;
				CLANG_WARN_UNREACHABLE_CODE = YES;
				CLANG_WARN__DUPLICATE_METHOD_MATCH = YES;
				COPY_PHASE_STRIP = NO;
				DEBUG_INFORMATION_FORMAT = dwarf;
				ENABLE_STRICT_OBJC_MSGSEND = YES;
				ENABLE_TESTABILITY = YES;
				GCC_C_LANGUAGE_STANDARD = gnu11;
				GCC_DYNAMIC_NO_PIC = NO;
				GCC_NO_COMMON_BLOCKS = YES;
				GCC_OPTIMIZATION_LEVEL = 0;
				GCC_PREPROCESSOR_DEFINITIONS = (
					"DEBUG=1",
					"$(inherited)",
				);
				GCC_WARN_64_TO_32_BIT_CONVERSION = YES;
				GCC_WARN_ABOUT_RETURN_TYPE = YES_ERROR;
				GCC_WARN_UNDECLARED_SELECTOR = YES;
				GCC_WARN_UNINITIALIZED_AUTOS = YES_AGGRESSIVE;
				GCC_WARN_UNUSED_FUNCTION = YES;
				GCC_WARN_UNUSED_VARIABLE = YES;
				IPHONEOS_DEPLOYMENT_TARGET = 16.2;
				MTL_ENABLE_DEBUG_INFO = INCLUDE_SOURCE;
				MTL_FAST_MATH = YES;
				ONLY_ACTIVE_ARCH = YES;
				SDKROOT = iphoneos;
				SWIFT_ACTIVE_COMPILATION_CONDITIONS = DEBUG;
				SWIFT_OPTIMIZATION_LEVEL = "-Onone";
			};
			name = Debug;
		};
		12E1E38A2A46B966004D9630 /* Release */ = {
			isa = XCBuildConfiguration;
			buildSettings = {
				ALWAYS_SEARCH_USER_PATHS = NO;
				CLANG_ANALYZER_NONNULL = YES;
				CLANG_ANALYZER_NUMBER_OBJECT_CONVERSION = YES_AGGRESSIVE;
				CLANG_CXX_LANGUAGE_STANDARD = "gnu++20";
				CLANG_ENABLE_MODULES = YES;
				CLANG_ENABLE_OBJC_ARC = YES;
				CLANG_ENABLE_OBJC_WEAK = YES;
				CLANG_WARN_BLOCK_CAPTURE_AUTORELEASING = YES;
				CLANG_WARN_BOOL_CONVERSION = YES;
				CLANG_WARN_COMMA = YES;
				CLANG_WARN_CONSTANT_CONVERSION = YES;
				CLANG_WARN_DEPRECATED_OBJC_IMPLEMENTATIONS = YES;
				CLANG_WARN_DIRECT_OBJC_ISA_USAGE = YES_ERROR;
				CLANG_WARN_DOCUMENTATION_COMMENTS = YES;
				CLANG_WARN_EMPTY_BODY = YES;
				CLANG_WARN_ENUM_CONVERSION = YES;
				CLANG_WARN_INFINITE_RECURSION = YES;
				CLANG_WARN_INT_CONVERSION = YES;
				CLANG_WARN_NON_LITERAL_NULL_CONVERSION = YES;
				CLANG_WARN_OBJC_IMPLICIT_RETAIN_SELF = YES;
				CLANG_WARN_OBJC_LITERAL_CONVERSION = YES;
				CLANG_WARN_OBJC_ROOT_CLASS = YES_ERROR;
				CLANG_WARN_QUOTED_INCLUDE_IN_FRAMEWORK_HEADER = YES;
				CLANG_WARN_RANGE_LOOP_ANALYSIS = YES;
				CLANG_WARN_STRICT_PROTOTYPES = YES;
				CLANG_WARN_SUSPICIOUS_MOVE = YES;
				CLANG_WARN_UNGUARDED_AVAILABILITY = YES_AGGRESSIVE;
				CLANG_WARN_UNREACHABLE_CODE = YES;
				CLANG_WARN__DUPLICATE_METHOD_MATCH = YES;
				COPY_PHASE_STRIP = NO;
				DEBUG_INFORMATION_FORMAT = "dwarf-with-dsym";
				ENABLE_NS_ASSERTIONS = NO;
				ENABLE_STRICT_OBJC_MSGSEND = YES;
				GCC_C_LANGUAGE_STANDARD = gnu11;
				GCC_NO_COMMON_BLOCKS = YES;
				GCC_WARN_64_TO_32_BIT_CONVERSION = YES;
				GCC_WARN_ABOUT_RETURN_TYPE = YES_ERROR;
				GCC_WARN_UNDECLARED_SELECTOR = YES;
				GCC_WARN_UNINITIALIZED_AUTOS = YES_AGGRESSIVE;
				GCC_WARN_UNUSED_FUNCTION = YES;
				GCC_WARN_UNUSED_VARIABLE = YES;
				IPHONEOS_DEPLOYMENT_TARGET = 16.2;
				MTL_ENABLE_DEBUG_INFO = NO;
				MTL_FAST_MATH = YES;
				SDKROOT = iphoneos;
				SWIFT_COMPILATION_MODE = wholemodule;
				SWIFT_OPTIMIZATION_LEVEL = "-O";
				VALIDATE_PRODUCT = YES;
			};
			name = Release;
		};
		12E1E38C2A46B966004D9630 /* Debug */ = {
			isa = XCBuildConfiguration;
			buildSettings = {
				ALWAYS_EMBED_SWIFT_STANDARD_LIBRARIES = YES;
				ASSETCATALOG_COMPILER_APPICON_NAME = AppIcon;
				ASSETCATALOG_COMPILER_GLOBAL_ACCENT_COLOR_NAME = AccentColor;
				CODE_SIGN_STYLE = Automatic;
				CURRENT_PROJECT_VERSION = 1;
				DEVELOPMENT_TEAM = Z958R69VYH;
				GENERATE_INFOPLIST_FILE = YES;
				INFOPLIST_FILE = "Day67-68 - Project19/Info.plist";
				INFOPLIST_KEY_UIApplicationSupportsIndirectInputEvents = YES;
				INFOPLIST_KEY_UILaunchStoryboardName = LaunchScreen;
				INFOPLIST_KEY_UIMainStoryboardFile = Main;
				INFOPLIST_KEY_UISupportedInterfaceOrientations_iPad = "UIInterfaceOrientationPortrait UIInterfaceOrientationPortraitUpsideDown UIInterfaceOrientationLandscapeLeft UIInterfaceOrientationLandscapeRight";
				INFOPLIST_KEY_UISupportedInterfaceOrientations_iPhone = "UIInterfaceOrientationPortrait UIInterfaceOrientationLandscapeLeft UIInterfaceOrientationLandscapeRight";
				LD_RUNPATH_SEARCH_PATHS = (
					"$(inherited)",
					"@executable_path/Frameworks",
				);
				MARKETING_VERSION = 1.0;
				PRODUCT_BUNDLE_IDENTIFIER = "com.jeanyvesgarcin.Day67-68---Project19";
				PRODUCT_NAME = "$(TARGET_NAME)";
				SWIFT_EMIT_LOC_STRINGS = YES;
				SWIFT_VERSION = 5.0;
				TARGETED_DEVICE_FAMILY = "1,2";
			};
			name = Debug;
		};
		12E1E38D2A46B966004D9630 /* Release */ = {
			isa = XCBuildConfiguration;
			buildSettings = {
				ALWAYS_EMBED_SWIFT_STANDARD_LIBRARIES = YES;
				ASSETCATALOG_COMPILER_APPICON_NAME = AppIcon;
				ASSETCATALOG_COMPILER_GLOBAL_ACCENT_COLOR_NAME = AccentColor;
				CODE_SIGN_STYLE = Automatic;
				CURRENT_PROJECT_VERSION = 1;
				DEVELOPMENT_TEAM = Z958R69VYH;
				GENERATE_INFOPLIST_FILE = YES;
				INFOPLIST_FILE = "Day67-68 - Project19/Info.plist";
				INFOPLIST_KEY_UIApplicationSupportsIndirectInputEvents = YES;
				INFOPLIST_KEY_UILaunchStoryboardName = LaunchScreen;
				INFOPLIST_KEY_UIMainStoryboardFile = Main;
				INFOPLIST_KEY_UISupportedInterfaceOrientations_iPad = "UIInterfaceOrientationPortrait UIInterfaceOrientationPortraitUpsideDown UIInterfaceOrientationLandscapeLeft UIInterfaceOrientationLandscapeRight";
				INFOPLIST_KEY_UISupportedInterfaceOrientations_iPhone = "UIInterfaceOrientationPortrait UIInterfaceOrientationLandscapeLeft UIInterfaceOrientationLandscapeRight";
				LD_RUNPATH_SEARCH_PATHS = (
					"$(inherited)",
					"@executable_path/Frameworks",
				);
				MARKETING_VERSION = 1.0;
				PRODUCT_BUNDLE_IDENTIFIER = "com.jeanyvesgarcin.Day67-68---Project19";
				PRODUCT_NAME = "$(TARGET_NAME)";
				SWIFT_EMIT_LOC_STRINGS = YES;
				SWIFT_VERSION = 5.0;
				TARGETED_DEVICE_FAMILY = "1,2";
			};
			name = Release;
		};
		12E1E3A32A46BA65004D9630 /* Debug */ = {
			isa = XCBuildConfiguration;
			buildSettings = {
				CODE_SIGN_STYLE = Automatic;
				CURRENT_PROJECT_VERSION = 1;
				DEVELOPMENT_TEAM = Z958R69VYH;
				GENERATE_INFOPLIST_FILE = YES;
				INFOPLIST_FILE = Extension/Info.plist;
				INFOPLIST_KEY_CFBundleDisplayName = Extension;
				INFOPLIST_KEY_NSHumanReadableCopyright = "";
				LD_RUNPATH_SEARCH_PATHS = (
					"$(inherited)",
					"@executable_path/Frameworks",
					"@executable_path/../../Frameworks",
				);
				MARKETING_VERSION = 1.0;
				PRODUCT_BUNDLE_IDENTIFIER = "com.jeanyvesgarcin.Day67-68---Project19.Extension";
				PRODUCT_NAME = "$(TARGET_NAME)";
				SKIP_INSTALL = YES;
				SWIFT_EMIT_LOC_STRINGS = YES;
				SWIFT_VERSION = 5.0;
				TARGETED_DEVICE_FAMILY = "1,2";
			};
			name = Debug;
		};
		12E1E3A42A46BA65004D9630 /* Release */ = {
			isa = XCBuildConfiguration;
			buildSettings = {
				CODE_SIGN_STYLE = Automatic;
				CURRENT_PROJECT_VERSION = 1;
				DEVELOPMENT_TEAM = Z958R69VYH;
				GENERATE_INFOPLIST_FILE = YES;
				INFOPLIST_FILE = Extension/Info.plist;
				INFOPLIST_KEY_CFBundleDisplayName = Extension;
				INFOPLIST_KEY_NSHumanReadableCopyright = "";
				LD_RUNPATH_SEARCH_PATHS = (
					"$(inherited)",
					"@executable_path/Frameworks",
					"@executable_path/../../Frameworks",
				);
				MARKETING_VERSION = 1.0;
				PRODUCT_BUNDLE_IDENTIFIER = "com.jeanyvesgarcin.Day67-68---Project19.Extension";
				PRODUCT_NAME = "$(TARGET_NAME)";
				SKIP_INSTALL = YES;
				SWIFT_EMIT_LOC_STRINGS = YES;
				SWIFT_VERSION = 5.0;
				TARGETED_DEVICE_FAMILY = "1,2";
			};
			name = Release;
		};
/* End XCBuildConfiguration section */

/* Begin XCConfigurationList section */
		12E1E3722A46B963004D9630 /* Build configuration list for PBXProject "Day67-68 - Project19" */ = {
			isa = XCConfigurationList;
			buildConfigurations = (
				12E1E3892A46B966004D9630 /* Debug */,
				12E1E38A2A46B966004D9630 /* Release */,
			);
			defaultConfigurationIsVisible = 0;
			defaultConfigurationName = Release;
		};
		12E1E38B2A46B966004D9630 /* Build configuration list for PBXNativeTarget "Day67-68 - Project19" */ = {
			isa = XCConfigurationList;
			buildConfigurations = (
				12E1E38C2A46B966004D9630 /* Debug */,
				12E1E38D2A46B966004D9630 /* Release */,
			);
			defaultConfigurationIsVisible = 0;
			defaultConfigurationName = Release;
		};
		12E1E3A22A46BA65004D9630 /* Build configuration list for PBXNativeTarget "Extension" */ = {
			isa = XCConfigurationList;
			buildConfigurations = (
				12E1E3A32A46BA65004D9630 /* Debug */,
				12E1E3A42A46BA65004D9630 /* Release */,
			);
			defaultConfigurationIsVisible = 0;
			defaultConfigurationName = Release;
		};
/* End XCConfigurationList section */
	};
	rootObject = 12E1E36F2A46B963004D9630 /* Project object */;
}
